
Microsoft Visual Studio Solution File, Format Version 11.00
# Visual Studio 2010
Project("{FAE04EC0-301F-11D3-BF4B-00C04F79EFBC}") = "Megaman Remake", "Assembly-CSharp.csproj", "{BF978B71-C36C-2C59-3229-8FD99556FA68}"
EndProject
Global
	GlobalSection(SolutionConfigurationPlatforms) = preSolution
		Debug|Any CPU = Debug|Any CPU
		Release|Any CPU = Release|Any CPU
	EndGlobalSection
	GlobalSection(ProjectConfigurationPlatforms) = postSolution
		{BF978B71-C36C-2C59-3229-8FD99556FA68}.Debug|Any CPU.ActiveCfg = Debug|Any CPU
		{BF978B71-C36C-2C59-3229-8FD99556FA68}.Debug|Any CPU.Build.0 = Debug|Any CPU
		{BF978B71-C36C-2C59-3229-8FD99556FA68}.Release|Any CPU.ActiveCfg = Release|Any CPU
		{BF978B71-C36C-2C59-3229-8FD99556FA68}.Release|Any CPU.Build.0 = Release|Any CPU
	EndGlobalSection
	GlobalSection(SolutionProperties) = preSolution
		HideSolutionNode = FALSE
	EndGlobalSection
	GlobalSection(MonoDevelopProperties) = preSolution
		StartupItem = Assembly-CSharp.csproj
	EndGlobalSection
EndGlobal
